
Microsoft Visual Studio Solution File, Format Version 12.00
# Visual Studio Version 17
VisualStudioVersion = 17.2.32616.157
MinimumVisualStudioVersion = 10.0.40219.1
Project("{FAE04EC0-301F-11D3-BF4B-00C04F79EFBC}") = "GUTRHCK", "GUTRHCK\GUTRHCK.csproj", "{704C8793-7B0B-4770-B908-A43B5A1A52E6}"
EndProject
Global
	GlobalSection(SolutionConfigurationPlatforms) = preSolution
		Debug|Any CPU = Debug|Any CPU
		Release|Any CPU = Release|Any CPU
	EndGlobalSection
	GlobalSection(ProjectConfigurationPlatforms) = postSolution
		{704C8793-7B0B-4770-B908-A43B5A1A52E6}.Debug|Any CPU.ActiveCfg = Debug|Any CPU
		{704C8793-7B0B-4770-B908-A43B5A1A52E6}.Debug|Any CPU.Build.0 = Debug|Any CPU
		{704C8793-7B0B-4770-B908-A43B5A1A52E6}.Release|Any CPU.ActiveCfg = Release|Any CPU
		{704C8793-7B0B-4770-B908-A43B5A1A52E6}.Release|Any CPU.Build.0 = Release|Any CPU
	EndGlobalSection
	GlobalSection(SolutionProperties) = preSolution
		HideSolutionNode = FALSE
	EndGlobalSection
	GlobalSection(ExtensibilityGlobals) = postSolution
		SolutionGuid = {76F8696A-4E02-48FE-B46E-F0E21F7C9EAF}
	EndGlobalSection
EndGlobal
